{
  "name": "istudy-client",
  "version": "1.0.0",
  "lockfileVersion": 1,
  "requires": true,
  "dependencies": {
    "@babel/core": {
      "version": "7.0.0",
      "resolved": "https://registry.npmjs.org/@babel/core/-/core-7.0.0.tgz",
      "integrity": "sha512-nrvxS5u6QUN5gLl1GEakIcmOeoUHT1/gQtdMRq18WFURJ5osn4ppJLVSseMQo4zVWKJfBTF4muIYijXUnKlRLQ==",
      "dependencies": {
        "debug": {
          "version": "3.2.6",
          "resolved": "https://registry.npmjs.org/debug/-/debug-3.2.6.tgz",
          "integrity": "sha512-mel+jf7nrtEl5Pn1Qx46zARXKDpBbvzezse7p7LqINmdoIk8PYP5SySaxEmYv6TZ0JyEKA1hsCId6DIhgITtWQ=="
        },
        "json5": {
          "version": "0.5.1",
          "resolved": "https://registry.npmjs.org/json5/-/json5-0.5.1.tgz",
          "integrity": "sha1-Hq3nrMASA0rYTiOWdn6tn6VJWCE="
        }
      }
    },
    "acorn": {
      "version": "6.4.1",
      "resolved": "https://registry.npmjs.org/acorn/-/acorn-6.4.1.tgz",
      "integrity": "sha512-ZVA9k326Nwrj3Cj9jlh3wGFutC2ZornPNARZwsNYqQYgN0EsV2d53w5RN/co65Ohn4sUAUtb1rSUAOD6XN9idA=="
    },
    "async": {
      "version": "3.2.0",
      "resolved": "https://registry.npmjs.org/async/-/async-3.2.0.tgz",
      "integrity": "sha512-TR2mEZFVOj2pLStYxLht7TyfuRzaydfpxr3k9RpHIzMgw7A64dzsdqCxH1WJyQdoe8T10nDXd9wnEigmiuHIZw=="
    },
    "axios": {
      "version": "0.21.1",
      "resolved": "https://registry.npmjs.org/axios/-/axios-0.21.1.tgz",
      "integrity": "sha512-dKQiRHxGD9PPRIUNIWvZhPTPpl1rf/OxTYKsqKUDjBwYylTvV7SjSHJb9ratfyzM6wCdLCOYLzs73qpg5c4iGA==",
      "requires": {
        "follow-redirects": "^1.10.0"
      }
    },
    "babel-core": {
      "version": "6.26.3",
      "resolved": "https://registry.npmjs.org/babel-core/-/babel-core-6.26.3.tgz",
      "integrity": "sha512-6jyFLuDmeidKmUEb3NM+/yawG0M2bDZ9Z1qbZP59cyHLz8kYGKYwpJP0UwUKKUiTRNvxfLesJnTedqczP7cTDA==",
      "dev": true,
      "dependencies": {
        "debug": {
          "version": "2.6.9",
          "resolved": "https://registry.npmjs.org/debug/-/debug-2.6.9.tgz",
          "integrity": "sha512-bC7ElrdJaJnPbAP+1EotYvqZsb3ecl5wi6Bfi6BJTUcNowp6cvspg0jXznRTKDjm/E7AdgFBVeAPVMNcKGsHMA=="
        },
        "json5": {
          "version": "0.5.1",
          "resolved": "https://registry.npmjs.org/json5/-/json5-0.5.1.tgz",
          "integrity": "sha1-Hq3nrMASA0rYTiOWdn6tn6VJWCE="
        },
        "ms": {
          "version": "2.0.0",
          "resolved": "https://registry.npmjs.org/ms/-/ms-2.0.0.tgz",
          "integrity": "sha1-VgiurfwAvmwpAd9fmGF4jeDVl8g="
        }
      }
    },
    "babel-eslint": {
      "version": "10.1.0",
      "resolved": "https://registry.npmjs.org/babel-eslint/-/babel-eslint-10.1.0.tgz",
      "integrity": "sha512-ifWaTHQ0ce+448CYop8AdrQiBsGrnC+bMgfyKFdi6EsPLTAWG+QfyDeM6OH+FmWnKvEq5NnBMLvlBUPKQZoDSg==",
      "dev": true
    },
    "babel-loader": {
      "version": "8.1.0",
      "resolved": "https://registry.npmjs.org/babel-loader/-/babel-loader-8.1.0.tgz",
      "integrity": "sha512-7q7nC1tYOrqvUrN3LQK4GwSk/TQorZSOlO9C+RZDZpODgyN4ZlCqE5q9cDsyWOliN+aU9B4JX01xK9eJXowJLw==",
      "dev": true
    },
    "babel-plugin-transform-decorators-legacy": {
      "version": "1.3.5",
      "resolved": "https://registry.npmjs.org/babel-plugin-transform-decorators-legacy/-/babel-plugin-transform-decorators-legacy-1.3.5.tgz",
      "integrity": "sha512-jYHwjzRXRelYQ1uGm353zNzf3QmtdCfvJbuYTZ4gKveK7M9H1fs3a5AKdY1JUDl0z97E30ukORW1dzhWvsabtA==",
      "dev": true
    },
    "babel-polyfill": {
      "version": "6.26.0",
      "resolved": "https://registry.npmjs.org/babel-polyfill/-/babel-polyfill-6.26.0.tgz",
      "integrity": "sha1-N5k3q8Z9eJWXCtxiHyhM2WbPIVM="
    },
    "babel-preset-env": {
      "version": "1.7.0",
      "resolved": "https://registry.npmjs.org/babel-preset-env/-/babel-preset-env-1.7.0.tgz",
      "integrity": "sha512-9OR2afuKDneX2/q2EurSftUYM0xGu4O2D9adAhVfADDhrYDaxXV0rBbevVYoY9n6nyX1PmQW/0jtpJvUNr9CHg==",
      "dev": true
    },
    "babel-preset-es2015": {
      "version": "6.24.1",
      "resolved": "https://registry.npmjs.org/babel-preset-es2015/-/babel-preset-es2015-6.24.1.tgz",
      "integrity": "sha1-1EBQ1rwsn+6nAqrzjXJ6AhBTiTk=",
      "dev": true
    },
    "babel-preset-es2017": {
      "version": "6.24.1",
      "resolved": "https://registry.npmjs.org/babel-preset-es2017/-/babel-preset-es2017-6.24.1.tgz",
      "integrity": "sha1-WXvq37n38gi8/YoS6bKym4svFNE=",
      "dev": true
    },
    "babel-preset-react": {
      "version": "6.24.1",
      "resolved": "https://registry.npmjs.org/babel-preset-react/-/babel-preset-react-6.24.1.tgz",
      "integrity": "sha1-umnfrqRfw+xjm2pOzqbhdwLJE4A=",
      "dev": true
    },
    "babel-preset-stage-0": {
      "version": "6.24.1",
      "resolved": "https://registry.npmjs.org/babel-preset-stage-0/-/babel-preset-stage-0-6.24.1.tgz",
      "integrity": "sha1-VkLRUEL5E4TX5a+LyIsduVsDnmo=",
      "dev": true
    },
    "babel-preset-stage-2": {
      "version": "6.24.1",
      "resolved": "https://registry.npmjs.org/babel-preset-stage-2/-/babel-preset-stage-2-6.24.1.tgz",
      "integrity": "sha1-2eKWD7PXEYfw5k7sYrwHdnIZvcE=",
      "dev": true
    },
    "bootstrap": {
      "version": "4.4.1",
      "resolved": "https://registry.npmjs.org/bootstrap/-/bootstrap-4.4.1.tgz",
      "integrity": "sha512-tbx5cHubwE6e2ZG7nqM3g/FZ5PQEDMWmMGNrCUBVRPHXTJaH7CBDdsLeu3eCh3B1tzAxTnAbtmrzvWEvT2NNEA=="
    },
    "css-loader": {
      "version": "3.5.3",
      "resolved": "https://registry.npmjs.org/css-loader/-/css-loader-3.5.3.tgz",
      "integrity": "sha512-UEr9NH5Lmi7+dguAm+/JSPovNjYbm2k3TK58EiwQHzOHH5Jfq1Y+XoP2bQO6TMn7PptMd0opxxedAWcaSTRKHw==",
      "dev": true,
      "dependencies": {
        "ajv": {
          "version": "6.12.2",
          "resolved": "https://registry.npmjs.org/ajv/-/ajv-6.12.2.tgz",
          "integrity": "sha512-k+V+hzjm5q/Mr8ef/1Y9goCmlsK4I6Sm74teeyGvFk1XrOsbsKLjEdrvny42CZ+a8sXbk8KWpY/bDwS+FLL2UQ=="
        },
        "fast-deep-equal": {
          "version": "3.1.1",
          "resolved": "https://registry.npmjs.org/fast-deep-equal/-/fast-deep-equal-3.1.1.tgz",
          "integrity": "sha512-8UEa58QDLauDNfpbrX55Q9jrGHThw2ZMdOky5Gl1CDtVeJDPVrG4Jxx1N8jw2gkWaff5UUuX1KJd+9zGe2B+ZA=="
        },
        "json-schema-traverse": {
          "version": "0.4.1",
          "resolved": "https://registry.npmjs.org/json-schema-traverse/-/json-schema-traverse-0.4.1.tgz",
          "integrity": "sha512-xbbCH5dCYU5T8LcEhhuh7HJ88HXuW3qsI3Y0zOZFKfZEHcpWiHU/Jxzk629Brsab/mMiHQti9wMP+845RPe3Vg=="
        },
        "schema-utils": {
          "version": "2.6.6",
          "resolved": "https://registry.npmjs.org/schema-utils/-/schema-utils-2.6.6.tgz",
          "integrity": "sha512-wHutF/WPSbIi9x6ctjGGk2Hvl0VOz5l3EKEuKbjPlB30mKZUzb9A5k9yEXRX3pwyqVLPvpfZZEllaFq/M718hA=="
        },
        "semver": {
          "version": "6.3.0",
          "resolved": "https://registry.npmjs.org/semver/-/semver-6.3.0.tgz",
          "integrity": "sha512-b39TBaTSfV6yBrapU89p5fKekE2m/NwnDocOVruQFS1/veMgdzuPcnOM34M6CwxW8jH/lxEa5rBoDeUwu5HHTw=="
        }
      }
    },
    "dateformat": {
      "version": "3.0.3",
      "resolved": "https://registry.npmjs.org/dateformat/-/dateformat-3.0.3.tgz",
      "integrity": "sha512-jyCETtSl3VMZMWeRo7iY1FL19ges1t55hMo5yaam4Jrsm5EPL89UQkoQRyiI+Yf4k8r2ZpdngkV8hr1lIdjb3Q=="
    },
    "eslint": {
      "version": "6.8.0",
      "resolved": "https://registry.npmjs.org/eslint/-/eslint-6.8.0.tgz",
      "integrity": "sha512-K+Iayyo2LtyYhDSYwz5D5QdWw0hCacNzyq1Y821Xna2xSJj7cijoLLYmLxTQgcgZ9mC61nryMy9S7GRbYpI5Ig==",
      "dependencies": {
        "ansi-regex": {
          "version": "4.1.0",
          "resolved": "https://registry.npmjs.org/ansi-regex/-/ansi-regex-4.1.0.tgz",
          "integrity": "sha512-1apePfXM1UOSqw0o9IiFAovVz9M5S1Dg+4TrDwfMewQ6p/rmMueb7tWZjQ1rx4Loy1ArBggoqGpfqqdI4rondg=="
        },
        "ansi-styles": {
          "version": "3.2.1",
          "resolved": "https://registry.npmjs.org/ansi-styles/-/ansi-styles-3.2.1.tgz",
          "integrity": "sha512-VT0ZI6kZRdTh8YyJw3SMbYm/u+NqfsAxEpWO0Pf9sq8/e94WxxOpPKx9FR1FlyCtOVDNOQ+8ntlqFxiRc+r5qA=="
        },
        "chalk": {
          "version": "2.4.2",
          "resolved": "https://registry.npmjs.org/chalk/-/chalk-2.4.2.tgz",
          "integrity": "sha512-Mti+f9lpJNcwF4tWV8/OrTTtF1gZi+f8FqlyAdouralcFWFQWF2+NgCHShjkCb+IFBLq9buZwE1xckQU4peSuQ=="
        },
        "eslint-scope": {
          "version": "5.0.0",
          "resolved": "https://registry.npmjs.org/eslint-scope/-/eslint-scope-5.0.0.tgz",
          "integrity": "sha512-oYrhJW7S0bxAFDvWqzvMPRm6pcgcnWc4QnofCAqRTRfQC0JcwenzGglTtsLyIuuWFfkqDG9vz67cnttSd53djw=="
        },
        "glob-parent": {
          "version": "5.1.1",
          "resolved": "https://registry.npmjs.org/glob-parent/-/glob-parent-5.1.1.tgz",
          "integrity": "sha512-FnI+VGOpnlGHWZxthPGR+QhR78fuiK0sNLkHQv+bL9fQi57lNNdquIbna/WrfROrolq8GK5Ek6BiMwqL/voRYQ=="
        },
        "globals": {
          "version": "12.4.0",
          "resolved": "https://registry.npmjs.org/globals/-/globals-12.4.0.tgz",
          "integrity": "sha512-BWICuzzDvDoH54NHKCseDanAhE3CeDorgDL5MT6LMXXj2WCnd9UC2szdk4AWLfjdgNBCXLUanXYcpBBKOSWGwg=="
        },
        "semver": {
          "version": "6.3.0",
          "resolved": "https://registry.npmjs.org/semver/-/semver-6.3.0.tgz",
          "integrity": "sha512-b39TBaTSfV6yBrapU89p5fKekE2m/NwnDocOVruQFS1/veMgdzuPcnOM34M6CwxW8jH/lxEa5rBoDeUwu5HHTw=="
        },
        "strip-ansi": {
          "version": "5.2.0",
          "resolved": "https://registry.npmjs.org/strip-ansi/-/strip-ansi-5.2.0.tgz",
          "integrity": "sha512-DuRs1gKbBqsMKIZlrffwlug8MHkcnpjs5VPmL1PAh+mA30U0DTotfDZ0d2UUsXpPmPmMMJ6W773MaA3J+lbiWA=="
        },
        "supports-color": {
          "version": "5.5.0",
          "resolved": "https://registry.npmjs.org/supports-color/-/supports-color-5.5.0.tgz",
          "integrity": "sha512-QjVjwdXIt408MIiAqCX4oUKsgU2EqAGzs2Ppkm4aQYbjm+ZEWEcW4SfFNTr4uMNZma0ey4f5lgLrkB0aX0QMow=="
        }
      }
    },
    "file-loader": {
      "version": "6.0.0",
      "resolved": "https://registry.npmjs.org/file-loader/-/file-loader-6.0.0.tgz",
      "integrity": "sha512-/aMOAYEFXDdjG0wytpTL5YQLfZnnTmLNjn+AIrJ/6HVnTfDqLsVKUUwkDf4I4kgex36BvjuXEn/TX9B/1ESyqQ==",
      "dev": true,
      "dependencies": {
        "json5": {
          "version": "2.1.3",
          "resolved": "https://registry.npmjs.org/json5/-/json5-2.1.3.tgz",
          "integrity": "sha512-KXPvOm8K9IJKFM0bmdn8QXh7udDh1g/giieX0NLCaMnb4hEiVFqnop2ImTXCc5e0/oHz3LTqmHGtExn5hfMkOA=="
        },
        "loader-utils": {
          "version": "2.0.0",
          "resolved": "https://registry.npmjs.org/loader-utils/-/loader-utils-2.0.0.tgz",
          "integrity": "sha512-rP4F0h2RaWSvPEkD7BLDFQnvSf+nK+wr3ESUjNTyAGobqrijmW92zc+SO6d4p4B1wh7+B/Jg1mkQe5NYUEHtHQ=="
        }
      }
    },
    "follow-redirects": {
      "version": "1.11.0",
      "resolved": "https://registry.npmjs.org/follow-redirects/-/follow-redirects-1.11.0.tgz",
      "integrity": "sha512-KZm0V+ll8PfBrKwMzdo5D13b1bur9Iq9Zd/RMmAoQQcl2PxxFml8cxXPaaPYVbV0RjNjq1CU7zIzAOqtUPudmA==",
      "dependencies": {
        "debug": {
          "version": "3.2.6",
          "resolved": "https://registry.npmjs.org/debug/-/debug-3.2.6.tgz",
          "integrity": "sha512-mel+jf7nrtEl5Pn1Qx46zARXKDpBbvzezse7p7LqINmdoIk8PYP5SySaxEmYv6TZ0JyEKA1hsCId6DIhgITtWQ=="
        }
      }
    },
    "font-awesome": {
      "version": "4.7.0",
      "resolved": "https://registry.npmjs.org/font-awesome/-/font-awesome-4.7.0.tgz",
      "integrity": "sha1-j6jPBBGhoxr9B7BtKQK7n8gVoTM="
    },
    "history": {
      "version": "4.10.1",
      "resolved": "https://registry.npmjs.org/history/-/history-4.10.1.tgz",
      "integrity": "sha512-36nwAD620w12kuzPAsyINPWJqlNbij+hpK1k9XRloDtym8mxzGYl2c17LnV6IAGB2Dmg4tEa7G7DlawS0+qjew=="
    },
    "imports-loader": {
      "version": "0.8.0",
      "resolved": "https://registry.npmjs.org/imports-loader/-/imports-loader-0.8.0.tgz",
      "integrity": "sha512-kXWL7Scp8KQ4552ZcdVTeaQCZSLW+e6nJfp3cwUMB673T7Hr98Xjx5JK+ql7ADlJUvj1JS5O01RLbKoutN5QDQ==",
      "dependencies": {
        "source-map": {
          "version": "0.6.1",
          "resolved": "https://registry.npmjs.org/source-map/-/source-map-0.6.1.tgz",
          "integrity": "sha512-UjgapumWlbMhkBgzT7Ykc5YXUT46F0iKu8SGXq0bcwP5dz/h0Plj6enJqjz1Zbq2l5WaqYnrVbwWOWMyF3F47g=="
        }
      }
    },
    "jquery": {
      "version": "3.5.0",
      "resolved": "https://registry.npmjs.org/jquery/-/jquery-3.5.0.tgz",
      "integrity": "sha512-Xb7SVYMvygPxbFMpTFQiHh1J7HClEaThguL15N/Gg37Lri/qKyhRGZYzHRyLH8Stq3Aow0LsHO2O2ci86fCrNQ=="
    },
    "lodash": {
      "version": "4.17.15",
      "resolved": "https://registry.npmjs.org/lodash/-/lodash-4.17.15.tgz",
      "integrity": "sha512-8xOcRHvCjnocdS5cpwXQXVzmmh5e5+saE2QGoeQmbKmRS6J3VQppPOIt0MnmE+4xlZoumy0GPG0D0MVIQbNA1A=="
    },
    "material-ui": {
      "version": "0.18.7",
      "resolved": "https://registry.npmjs.org/material-ui/-/material-ui-0.18.7.tgz",
      "integrity": "sha1-uHrxY1fmlms2wj1InrLtcHRtJfg="
    },
    "materialize-css": {
      "version": "1.0.0",
      "resolved": "https://registry.npmjs.org/materialize-css/-/materialize-css-1.0.0.tgz",
      "integrity": "sha512-4/oecXl8y/1i8RDZvyvwAICyqwNoKU4or5uf8uoAd74k76KzZ0Llym4zhJ5lLNUskcqjO0AuMcvNyDkpz8Z6zw=="
    },
    "moment": {
      "version": "2.25.1",
      "resolved": "https://registry.npmjs.org/moment/-/moment-2.25.1.tgz",
      "integrity": "sha512-nRKMf9wDS4Fkyd0C9LXh2FFXinD+iwbJ5p/lh3CHitW9kZbRbJ8hCruiadiIXZVbeAqKZzqcTvHnK3mRhFjb6w=="
    },
    "moment-timezone": {
      "version": "0.5.28",
      "resolved": "https://registry.npmjs.org/moment-timezone/-/moment-timezone-0.5.28.tgz",
      "integrity": "sha512-TDJkZvAyKIVWg5EtVqRzU97w0Rb0YVbfpqyjgu6GwXCAohVRqwZjf4fOzDE6p1Ch98Sro/8hQQi65WDXW5STPw=="
    },
    "popper.js": {
      "version": "1.16.0",
      "resolved": "https://registry.npmjs.org/popper.js/-/popper.js-1.16.0.tgz",
      "integrity": "sha512-+G+EkOPoE5S/zChTpmBSSDYmhXJ5PsW8eMhH8cP/CQHMFPBG/kC9Y5IIw6qNYgdJ+/COf0ddY2li28iHaZRSjw=="
    },
    "prop-types": {
      "version": "15.7.2",
      "resolved": "https://registry.npmjs.org/prop-types/-/prop-types-15.7.2.tgz",
      "integrity": "sha512-8QQikdH7//R2vurIJSutZ1smHYTcLpRWEOlHnzcWHmBYrOGUysKwSsrC89BCiFj3CbrfJ/nXFdJepOVrY1GCHQ=="
    },
    "query-string": {
      "version": "6.12.1",
      "resolved": "https://registry.npmjs.org/query-string/-/query-string-6.12.1.tgz",
      "integrity": "sha512-OHj+zzfRMyj3rmo/6G8a5Ifvw3AleL/EbcHMD27YA31Q+cO5lfmQxECkImuNVjcskLcvBRVHNAB3w6udMs1eAA=="
    },
    "random-seed": {
      "version": "0.3.0",
      "resolved": "https://registry.npmjs.org/random-seed/-/random-seed-0.3.0.tgz",
      "integrity": "sha1-2UXy4fOPSejViRNDG4v2u5N1Vs0="
    },
    "react": {
      "version": "15.4.0",
      "resolved": "https://registry.npmjs.org/react/-/react-15.4.0.tgz",
      "integrity": "sha1-c2wcfFQugIgScQbh9FCwEPhtFys="
    },
    "react-autosuggest": {
      "version": "8.0.1",
      "resolved": "https://registry.npmjs.org/react-autosuggest/-/react-autosuggest-8.0.1.tgz",
      "integrity": "sha1-st+Vtp1apFQf7hUhrQFamMdNaPM="
    },
    "react-center-component": {
      "version": "3.0.0",
      "resolved": "https://registry.npmjs.org/react-center-component/-/react-center-component-3.0.0.tgz",
      "integrity": "sha1-0omGv0NOD46/9jyRJ38b9q0YnHI="
    },
    "react-dom": {
      "version": "15.4.0",
      "resolved": "https://registry.npmjs.org/react-dom/-/react-dom-15.4.0.tgz",
      "integrity": "sha1-apemkACWZXDbSMdGvEt7DKUNFTQ="
    },
    "react-equalizer": {
      "version": "1.3.0",
      "resolved": "https://registry.npmjs.org/react-equalizer/-/react-equalizer-1.3.0.tgz",
      "integrity": "sha1-HSR/wrtKFX7YVXzmWR1vzNEM2mo="
    },
    "react-moment": {
      "version": "0.6.0",
      "resolved": "https://registry.npmjs.org/react-moment/-/react-moment-0.6.0.tgz",
      "integrity": "sha1-JxNSLQKxjM5ausOLwOMec7q7gQE="
    },
    "react-player": {
      "version": "1.9.0",
      "resolved": "https://registry.npmjs.org/react-player/-/react-player-1.9.0.tgz",
      "integrity": "sha512-KC/+9dSVerZaUDkQRvMDfCR3NF7cuXTooGim3Ub8cfVwNnhHwt7nxUIpXRWtUeRRYgsNu/9sG+foffPFI52GOw=="
    },
    "react-rating": {
      "version": "1.7.2",
      "resolved": "https://registry.npmjs.org/react-rating/-/react-rating-1.7.2.tgz",
      "integrity": "sha512-JnXKS+4n1LytR7qLzTVkQxNYXw6TtebM8g5scP1yow76LO1YWNsGVlooQV2iZplF9RtDWMh81a1wtDmt5uESBQ=="
    },
    "react-redux": {
      "version": "5.1.2",
      "resolved": "https://registry.npmjs.org/react-redux/-/react-redux-5.1.2.tgz",
      "integrity": "sha512-Ns1G0XXc8hDyH/OcBHOxNgQx9ayH3SPxBnFCOidGKSle8pKihysQw2rG/PmciUQRoclhVBO8HMhiRmGXnDja9Q==",
      "dependencies": {
        "hoist-non-react-statics": {
          "version": "3.3.2",
          "resolved": "https://registry.npmjs.org/hoist-non-react-statics/-/hoist-non-react-statics-3.3.2.tgz",
          "integrity": "sha512-/gGivxi8JPKWNm/W0jSmzcMPpfpPLc3dY/6GxhX2hQ9iGj3aDfklV4ET7NjKpSinLpJ5vafa9iiGIEZg10SfBw=="
        }
      }
    },
    "react-router": {
      "version": "5.1.2",
      "resolved": "https://registry.npmjs.org/react-router/-/react-router-5.1.2.tgz",
      "integrity": "sha512-yjEuMFy1ONK246B+rsa0cUam5OeAQ8pyclRDgpxuSCrAlJ1qN9uZ5IgyKC7gQg0w8OM50NXHEegPh/ks9YuR2A==",
      "dependencies": {
        "hoist-non-react-statics": {
          "version": "3.3.2",
          "resolved": "https://registry.npmjs.org/hoist-non-react-statics/-/hoist-non-react-statics-3.3.2.tgz",
          "integrity": "sha512-/gGivxi8JPKWNm/W0jSmzcMPpfpPLc3dY/6GxhX2hQ9iGj3aDfklV4ET7NjKpSinLpJ5vafa9iiGIEZg10SfBw=="
        }
      }
    },
    "react-router-dom": {
      "version": "5.1.2",
      "resolved": "https://registry.npmjs.org/react-router-dom/-/react-router-dom-5.1.2.tgz",
      "integrity": "sha512-7BPHAaIwWpZS074UKaw1FjVdZBSVWEk8IuDXdB+OkLb8vd/WRQIpA4ag9WQk61aEfQs47wHyjWUoUGGZxpQXew=="
    },
    "react-show-more": {
      "version": "2.0.0",
      "resolved": "https://registry.npmjs.org/react-show-more/-/react-show-more-2.0.0.tgz",
      "integrity": "sha512-PlB/Ni+w0WVFmvQIqF6x6AElix51O73LbHOIzvPLyWXK8fwEz7+ES+vw7+EC/Taw0NZ3LGkwaHslpMiUh+1bQw=="
    },
    "react-tap-event-plugin": {
      "version": "2.0.1",
      "resolved": "https://registry.npmjs.org/react-tap-event-plugin/-/react-tap-event-plugin-2.0.1.tgz",
      "integrity": "sha1-MWvrO8ZVbinshppyk+icgmqQdNI="
    },
    "react-viewmore": {
      "version": "1.0.7",
      "resolved": "https://registry.npmjs.org/react-viewmore/-/react-viewmore-1.0.7.tgz",
      "integrity": "sha1-H1iDSWdj9qA6rAoDuUD4eFhXSq4=",
      "dependencies": {
        "react": {
          "version": "15.6.2",
          "resolved": "https://registry.npmjs.org/react/-/react-15.6.2.tgz",
          "integrity": "sha1-26BDSrQ5z+gvEI8PURZjkIF5qnI="
        },
        "react-dom": {
          "version": "15.6.2",
          "resolved": "https://registry.npmjs.org/react-dom/-/react-dom-15.6.2.tgz",
          "integrity": "sha1-Qc+t9pO3V/rycIRDodH9WgK+9zA="
        }
      }
    },
    "redux": {
      "version": "4.0.5",
      "resolved": "https://registry.npmjs.org/redux/-/redux-4.0.5.tgz",
      "integrity": "sha512-VSz1uMAH24DM6MF72vcojpYPtrTUu3ByVWfPL1nPfVRb5mZVTve5GnNCUV53QM/BZ66xfWrm0CTWoM+Xlz8V1w=="
    },
    "redux-form": {
      "version": "7.4.3",
      "resolved": "https://registry.npmjs.org/redux-form/-/redux-form-7.4.3.tgz",
      "integrity": "sha512-h2LEGdEQ9XaX2wXZnf6zIUFSETk4jDqG4NUKwqkSfOJZDxT3H2hJmKVZI76j/YsE/8E3eY6yPoAENCxjLi1p+Q==",
      "dependencies": {
        "hoist-non-react-statics": {
          "version": "2.5.5",
          "resolved": "https://registry.npmjs.org/hoist-non-react-statics/-/hoist-non-react-statics-2.5.5.tgz",
          "integrity": "sha512-rqcy4pJo55FTTLWt+bU8ukscqHeE/e9KWvsOW2b/a3afxQZhwkQdT1rPPCJ0rYXdj4vNcasY8zHTH+jF/qStxw=="
        }
      }
    },
    "redux-thunk": {
      "version": "2.3.0",
      "resolved": "https://registry.npmjs.org/redux-thunk/-/redux-thunk-2.3.0.tgz",
      "integrity": "sha512-km6dclyFnmcvxhAcrQV2AkZmPQjzPDjgVlQtR0EQjxZPyJ0BnMf3in1ryuR8A2qU0HldVRfxYXbFSKlI3N7Slw=="
    },
    "rimraf": {
      "version": "3.0.2",
      "resolved": "https://registry.npmjs.org/rimraf/-/rimraf-3.0.2.tgz",
      "integrity": "sha512-JZkJMZkAGFFPP2YqXZXPbMlMBgsxzE8ILs4lMIX/2o0L9UBw9O/Y3o6wFw/i9YLapcUJWwqbi3kdxIPdC62TIA==",
      "dev": true
    },
    "seedrandom": {
      "version": "3.0.5",
      "resolved": "https://registry.npmjs.org/seedrandom/-/seedrandom-3.0.5.tgz",
      "integrity": "sha512-8OwmbklUNzwezjGInmZ+2clQmExQPvomqjL7LFqOYqtmuxRgQYqOD3mHaU+MvZn5FLUeVxVfQjwLZW/n/JFuqg=="
    },
    "style-loader": {
      "version": "1.2.1",
      "resolved": "https://registry.npmjs.org/style-loader/-/style-loader-1.2.1.tgz",
      "integrity": "sha512-ByHSTQvHLkWE9Ir5+lGbVOXhxX10fbprhLvdg96wedFZb4NDekDPxVKv5Fwmio+QcMlkkNfuK+5W1peQ5CUhZg==",
      "dev": true,
      "dependencies": {
        "json5": {
          "version": "2.1.3",
          "resolved": "https://registry.npmjs.org/json5/-/json5-2.1.3.tgz",
          "integrity": "sha512-KXPvOm8K9IJKFM0bmdn8QXh7udDh1g/giieX0NLCaMnb4hEiVFqnop2ImTXCc5e0/oHz3LTqmHGtExn5hfMkOA=="
        },
        "loader-utils": {
          "version": "2.0.0",
          "resolved": "https://registry.npmjs.org/loader-utils/-/loader-utils-2.0.0.tgz",
          "integrity": "sha512-rP4F0h2RaWSvPEkD7BLDFQnvSf+nK+wr3ESUjNTyAGobqrijmW92zc+SO6d4p4B1wh7+B/Jg1mkQe5NYUEHtHQ=="
        }
      }
    },
    "webpack": {
      "version": "4.43.0",
      "resolved": "https://registry.npmjs.org/webpack/-/webpack-4.43.0.tgz",
      "integrity": "sha512-GW1LjnPipFW2Y78OOab8NJlCflB7EFskMih2AHdvjbpKMeDJqEgSx24cXXXiPS65+WSwVyxtDsJH6jGX2czy+g==",
      "dev": true,
      "dependencies": {
        "schema-utils": {
          "version": "1.0.0",
          "resolved": "https://registry.npmjs.org/schema-utils/-/schema-utils-1.0.0.tgz",
          "integrity": "sha512-i27Mic4KovM/lnGsy8whRCHhc7VicJajAjTrYg11K9zfZXnYIt4k5F+kZkwjnrhKzLic/HLU4j11mjsz2G/75g=="
        }
      }
    },
    "webpack-dev-middleware": {
      "version": "3.7.2",
      "resolved": "https://registry.npmjs.org/webpack-dev-middleware/-/webpack-dev-middleware-3.7.2.tgz",
      "integrity": "sha512-1xC42LxbYoqLNAhV6YzTYacicgMZQTqRd27Sim9wn5hJrX3I5nxYy1SxSd4+gjUFsz1dQFj+yEe6zEVmSkeJjw==",
      "dev": true
    },
    "webpack-dev-server": {
      "version": "3.10.1",
      "resolved": "https://registry.npmjs.org/webpack-dev-server/-/webpack-dev-server-3.10.1.tgz",
      "integrity": "sha512-AGG4+XrrXn4rbZUueyNrQgO4KGnol+0wm3MPdqGLmmA+NofZl3blZQKxZ9BND6RDNuvAK9OMYClhjOSnxpWRoA==",
      "dev": true,
      "dependencies": {
        "schema-utils": {
          "version": "1.0.0",
          "resolved": "https://registry.npmjs.org/schema-utils/-/schema-utils-1.0.0.tgz",
          "integrity": "sha512-i27Mic4KovM/lnGsy8whRCHhc7VicJajAjTrYg11K9zfZXnYIt4k5F+kZkwjnrhKzLic/HLU4j11mjsz2G/75g=="
        },
        "semver": {
          "version": "6.3.0",
          "resolved": "https://registry.npmjs.org/semver/-/semver-6.3.0.tgz",
          "integrity": "sha512-b39TBaTSfV6yBrapU89p5fKekE2m/NwnDocOVruQFS1/veMgdzuPcnOM34M6CwxW8jH/lxEa5rBoDeUwu5HHTw=="
        },
        "supports-color": {
          "version": "6.1.0",
          "resolved": "https://registry.npmjs.org/supports-color/-/supports-color-6.1.0.tgz",
          "integrity": "sha512-qe1jfm1Mg7Nq/NSh6XE24gPXROEVsWHxC1LIx//XNlD9iw7YZQGjZNjYN7xGaEG6iKdA8EtNFW6R0gjnVXp+wQ=="
        }
      }
    }
  }
}
